
Microsoft Visual Studio Solution File, Format Version 12.00
# Visual Studio Version 16
VisualStudioVersion = 16.0.30523.141
MinimumVisualStudioVersion = 10.0.40219.1
Project("{FAE04EC0-301F-11D3-BF4B-00C04F79EFBC}") = "AntiCensorGUI", "AntiCensorGUI\AntiCensorGUI.csproj", "{E97D67D1-0434-4327-98CC-11B1E2938A5C}"
EndProject
Global
	GlobalSection(SolutionConfigurationPlatforms) = preSolution
		Debug|Any CPU = Debug|Any CPU
		Release|Any CPU = Release|Any CPU
	EndGlobalSection
	GlobalSection(ProjectConfigurationPlatforms) = postSolution
		{E97D67D1-0434-4327-98CC-11B1E2938A5C}.Debug|Any CPU.ActiveCfg = Debug|Any CPU
		{E97D67D1-0434-4327-98CC-11B1E2938A5C}.Debug|Any CPU.Build.0 = Debug|Any CPU
		{E97D67D1-0434-4327-98CC-11B1E2938A5C}.Release|Any CPU.ActiveCfg = Release|Any CPU
		{E97D67D1-0434-4327-98CC-11B1E2938A5C}.Release|Any CPU.Build.0 = Release|Any CPU
	EndGlobalSection
	GlobalSection(SolutionProperties) = preSolution
		HideSolutionNode = FALSE
	EndGlobalSection
	GlobalSection(ExtensibilityGlobals) = postSolution
		SolutionGuid = {9F23164B-8949-4C65-9487-01F79018BFDE}
	EndGlobalSection
EndGlobal
